
Microsoft Visual Studio Solution File, Format Version 12.00
# Visual Studio Version 17
VisualStudioVersion = 17.1.32328.378
MinimumVisualStudioVersion = 10.0.40219.1
Project("{8BC9CEB8-8B4A-11D0-8D11-00A0C91BC942}") = "MapReduce", "MapReduce\MapReduce.vcxproj", "{D0CB0A04-BCAF-4269-9FAA-C01AAC4C1C93}"
EndProject
Project("{8BC9CEB8-8B4A-11D0-8D11-00A0C91BC942}") = "MapDLL", "MapDLL\MapDLL.vcxproj", "{65E21817-9E7B-4BBF-9F2F-0B6BA4E72AC6}"
EndProject
Project("{8BC9CEB8-8B4A-11D0-8D11-00A0C91BC942}") = "ReduceDLL", "ReduceDLL\ReduceDLL.vcxproj", "{358C1A30-E1BF-4362-8EF4-A40DB164108B}"
EndProject
Project("{8BC9CEB8-8B4A-11D0-8D11-00A0C91BC942}") = "Socket", "Socket\Socket.vcxproj", "{EA3E7C7A-D440-41CB-9ED7-DF36724D944B}"
EndProject
Global
	GlobalSection(SolutionConfigurationPlatforms) = preSolution
		Debug|x64 = Debug|x64
		Debug|x86 = Debug|x86
		Release|x64 = Release|x64
		Release|x86 = Release|x86
	EndGlobalSection
	GlobalSection(ProjectConfigurationPlatforms) = postSolution
		{D0CB0A04-BCAF-4269-9FAA-C01AAC4C1C93}.Debug|x64.ActiveCfg = Debug|x64
		{D0CB0A04-BCAF-4269-9FAA-C01AAC4C1C93}.Debug|x64.Build.0 = Debug|x64
		{D0CB0A04-BCAF-4269-9FAA-C01AAC4C1C93}.Debug|x86.ActiveCfg = Debug|Win32
		{D0CB0A04-BCAF-4269-9FAA-C01AAC4C1C93}.Debug|x86.Build.0 = Debug|Win32
		{D0CB0A04-BCAF-4269-9FAA-C01AAC4C1C93}.Release|x64.ActiveCfg = Release|x64
		{D0CB0A04-BCAF-4269-9FAA-C01AAC4C1C93}.Release|x64.Build.0 = Release|x64
		{D0CB0A04-BCAF-4269-9FAA-C01AAC4C1C93}.Release|x86.ActiveCfg = Release|Win32
		{D0CB0A04-BCAF-4269-9FAA-C01AAC4C1C93}.Release|x86.Build.0 = Release|Win32
		{65E21817-9E7B-4BBF-9F2F-0B6BA4E72AC6}.Debug|x64.ActiveCfg = Debug|x64
		{65E21817-9E7B-4BBF-9F2F-0B6BA4E72AC6}.Debug|x64.Build.0 = Debug|x64
		{65E21817-9E7B-4BBF-9F2F-0B6BA4E72AC6}.Debug|x86.ActiveCfg = Debug|Win32
		{65E21817-9E7B-4BBF-9F2F-0B6BA4E72AC6}.Debug|x86.Build.0 = Debug|Win32
		{65E21817-9E7B-4BBF-9F2F-0B6BA4E72AC6}.Release|x64.ActiveCfg = Release|x64
		{65E21817-9E7B-4BBF-9F2F-0B6BA4E72AC6}.Release|x64.Build.0 = Release|x64
		{65E21817-9E7B-4BBF-9F2F-0B6BA4E72AC6}.Release|x86.ActiveCfg = Release|Win32
		{65E21817-9E7B-4BBF-9F2F-0B6BA4E72AC6}.Release|x86.Build.0 = Release|Win32
		{358C1A30-E1BF-4362-8EF4-A40DB164108B}.Debug|x64.ActiveCfg = Debug|x64
		{358C1A30-E1BF-4362-8EF4-A40DB164108B}.Debug|x64.Build.0 = Debug|x64
		{358C1A30-E1BF-4362-8EF4-A40DB164108B}.Debug|x86.ActiveCfg = Debug|Win32
		{358C1A30-E1BF-4362-8EF4-A40DB164108B}.Debug|x86.Build.0 = Debug|Win32
		{358C1A30-E1BF-4362-8EF4-A40DB164108B}.Release|x64.ActiveCfg = Release|x64
		{358C1A30-E1BF-4362-8EF4-A40DB164108B}.Release|x64.Build.0 = Release|x64
		{358C1A30-E1BF-4362-8EF4-A40DB164108B}.Release|x86.ActiveCfg = Release|Win32
		{358C1A30-E1BF-4362-8EF4-A40DB164108B}.Release|x86.Build.0 = Release|Win32
		{EA3E7C7A-D440-41CB-9ED7-DF36724D944B}.Debug|x64.ActiveCfg = Debug|x64
		{EA3E7C7A-D440-41CB-9ED7-DF36724D944B}.Debug|x64.Build.0 = Debug|x64
		{EA3E7C7A-D440-41CB-9ED7-DF36724D944B}.Debug|x86.ActiveCfg = Debug|Win32
		{EA3E7C7A-D440-41CB-9ED7-DF36724D944B}.Debug|x86.Build.0 = Debug|Win32
		{EA3E7C7A-D440-41CB-9ED7-DF36724D944B}.Release|x64.ActiveCfg = Release|x64
		{EA3E7C7A-D440-41CB-9ED7-DF36724D944B}.Release|x64.Build.0 = Release|x64
		{EA3E7C7A-D440-41CB-9ED7-DF36724D944B}.Release|x86.ActiveCfg = Release|Win32
		{EA3E7C7A-D440-41CB-9ED7-DF36724D944B}.Release|x86.Build.0 = Release|Win32
	EndGlobalSection
	GlobalSection(SolutionProperties) = preSolution
		HideSolutionNode = FALSE
	EndGlobalSection
	GlobalSection(ExtensibilityGlobals) = postSolution
		SolutionGuid = {5B65EA16-3F73-49F7-B625-16FC3D7148CC}
	EndGlobalSection
EndGlobal
